
Microsoft Visual Studio Solution File, Format Version 12.00
# Visual Studio Version 18
VisualStudioVersion = 18.5.11723.231
MinimumVisualStudioVersion = 10.0.40219.1
Project("{FAE04EC0-301F-11D3-BF4B-00C04F79EFBC}") = "ApostlesWar.Domain", "ApostlesWar.Domain\ApostlesWar.Domain.csproj", "{89D373C7-693F-416B-9665-5B8C67972147}"
EndProject
Project("{FAE04EC0-301F-11D3-BF4B-00C04F79EFBC}") = "ApostlesWar.Application", "ApostlesWar.Application\ApostlesWar.Application.csproj", "{4AB95BE8-0C4F-4A1A-8EBA-F6B7C759179C}"
EndProject
Project("{FAE04EC0-301F-11D3-BF4B-00C04F79EFBC}") = "ApostlesWar.Infrastructure", "ApostlesWar.Infrastructure\ApostlesWar.Infrastructure.csproj", "{B41080CC-AF92-4E51-9D67-E1DB317635FD}"
EndProject
Project("{FAE04EC0-301F-11D3-BF4B-00C04F79EFBC}") = "ApostlesWar.Tests", "ApostlesWar.Tests\ApostlesWar.Tests.csproj", "{BDC5854A-4E8B-4A53-97FC-C41F72BC966F}"
EndProject
Project("{FAE04EC0-301F-11D3-BF4B-00C04F79EFBC}") = "ApostlesWar.Presentation.ConsoleUI", "ApostlesWar.Presentation.ConsoleUI\ApostlesWar.Presentation.ConsoleUI.csproj", "{FAC5410D-313D-49A9-928F-2693AB65DEF1}"
EndProject
Project("{FAE04EC0-301F-11D3-BF4B-00C04F79EFBC}") = "ApostlesWar.Presentation.Desktop", "ApostlesWar.Presentation.Desktop\ApostlesWar.Presentation.Desktop.csproj", "{02D8702F-710A-4F4E-8449-3DD1893F7BB9}"
EndProject
Global
	GlobalSection(SolutionConfigurationPlatforms) = preSolution
		Debug|Any CPU = Debug|Any CPU
		Debug|x64 = Debug|x64
		Debug|x86 = Debug|x86
		Release|Any CPU = Release|Any CPU
		Release|x64 = Release|x64
		Release|x86 = Release|x86
	EndGlobalSection
	GlobalSection(ProjectConfigurationPlatforms) = postSolution
		{89D373C7-693F-416B-9665-5B8C67972147}.Debug|Any CPU.ActiveCfg = Debug|Any CPU
		{89D373C7-693F-416B-9665-5B8C67972147}.Debug|Any CPU.Build.0 = Debug|Any CPU
		{89D373C7-693F-416B-9665-5B8C67972147}.Debug|x64.ActiveCfg = Debug|Any CPU
		{89D373C7-693F-416B-9665-5B8C67972147}.Debug|x64.Build.0 = Debug|Any CPU
		{89D373C7-693F-416B-9665-5B8C67972147}.Debug|x86.ActiveCfg = Debug|Any CPU
		{89D373C7-693F-416B-9665-5B8C67972147}.Debug|x86.Build.0 = Debug|Any CPU
		{89D373C7-693F-416B-9665-5B8C67972147}.Release|Any CPU.ActiveCfg = Release|Any CPU
		{89D373C7-693F-416B-9665-5B8C67972147}.Release|Any CPU.Build.0 = Release|Any CPU
		{89D373C7-693F-416B-9665-5B8C67972147}.Release|x64.ActiveCfg = Release|Any CPU
		{89D373C7-693F-416B-9665-5B8C67972147}.Release|x64.Build.0 = Release|Any CPU
		{89D373C7-693F-416B-9665-5B8C67972147}.Release|x86.ActiveCfg = Release|Any CPU
		{89D373C7-693F-416B-9665-5B8C67972147}.Release|x86.Build.0 = Release|Any CPU
		{4AB95BE8-0C4F-4A1A-8EBA-F6B7C759179C}.Debug|Any CPU.ActiveCfg = Debug|Any CPU
		{4AB95BE8-0C4F-4A1A-8EBA-F6B7C759179C}.Debug|Any CPU.Build.0 = Debug|Any CPU
		{4AB95BE8-0C4F-4A1A-8EBA-F6B7C759179C}.Debug|x64.ActiveCfg = Debug|Any CPU
		{4AB95BE8-0C4F-4A1A-8EBA-F6B7C759179C}.Debug|x64.Build.0 = Debug|Any CPU
		{4AB95BE8-0C4F-4A1A-8EBA-F6B7C759179C}.Debug|x86.ActiveCfg = Debug|Any CPU
		{4AB95BE8-0C4F-4A1A-8EBA-F6B7C759179C}.Debug|x86.Build.0 = Debug|Any CPU
		{4AB95BE8-0C4F-4A1A-8EBA-F6B7C759179C}.Release|Any CPU.ActiveCfg = Release|Any CPU
		{4AB95BE8-0C4F-4A1A-8EBA-F6B7C759179C}.Release|Any CPU.Build.0 = Release|Any CPU
		{4AB95BE8-0C4F-4A1A-8EBA-F6B7C759179C}.Release|x64.ActiveCfg = Release|Any CPU
		{4AB95BE8-0C4F-4A1A-8EBA-F6B7C759179C}.Release|x64.Build.0 = Release|Any CPU
		{4AB95BE8-0C4F-4A1A-8EBA-F6B7C759179C}.Release|x86.ActiveCfg = Release|Any CPU
		{4AB95BE8-0C4F-4A1A-8EBA-F6B7C759179C}.Release|x86.Build.0 = Release|Any CPU
		{B41080CC-AF92-4E51-9D67-E1DB317635FD}.Debug|Any CPU.ActiveCfg = Debug|Any CPU
		{B41080CC-AF92-4E51-9D67-E1DB317635FD}.Debug|Any CPU.Build.0 = Debug|Any CPU
		{B41080CC-AF92-4E51-9D67-E1DB317635FD}.Debug|x64.ActiveCfg = Debug|Any CPU
		{B41080CC-AF92-4E51-9D67-E1DB317635FD}.Debug|x64.Build.0 = Debug|Any CPU
		{B41080CC-AF92-4E51-9D67-E1DB317635FD}.Debug|x86.ActiveCfg = Debug|Any CPU
		{B41080CC-AF92-4E51-9D67-E1DB317635FD}.Debug|x86.Build.0 = Debug|Any CPU
		{B41080CC-AF92-4E51-9D67-E1DB317635FD}.Release|Any CPU.ActiveCfg = Release|Any CPU
		{B41080CC-AF92-4E51-9D67-E1DB317635FD}.Release|Any CPU.Build.0 = Release|Any CPU
		{B41080CC-AF92-4E51-9D67-E1DB317635FD}.Release|x64.ActiveCfg = Release|Any CPU
		{B41080CC-AF92-4E51-9D67-E1DB317635FD}.Release|x64.Build.0 = Release|Any CPU
		{B41080CC-AF92-4E51-9D67-E1DB317635FD}.Release|x86.ActiveCfg = Release|Any CPU
		{B41080CC-AF92-4E51-9D67-E1DB317635FD}.Release|x86.Build.0 = Release|Any CPU
		{BDC5854A-4E8B-4A53-97FC-C41F72BC966F}.Debug|Any CPU.ActiveCfg = Debug|Any CPU
		{BDC5854A-4E8B-4A53-97FC-C41F72BC966F}.Debug|Any CPU.Build.0 = Debug|Any CPU
		{BDC5854A-4E8B-4A53-97FC-C41F72BC966F}.Debug|x64.ActiveCfg = Debug|Any CPU
		{BDC5854A-4E8B-4A53-97FC-C41F72BC966F}.Debug|x64.Build.0 = Debug|Any CPU
		{BDC5854A-4E8B-4A53-97FC-C41F72BC966F}.Debug|x86.ActiveCfg = Debug|Any CPU
		{BDC5854A-4E8B-4A53-97FC-C41F72BC966F}.Debug|x86.Build.0 = Debug|Any CPU
		{BDC5854A-4E8B-4A53-97FC-C41F72BC966F}.Release|Any CPU.ActiveCfg = Release|Any CPU
		{BDC5854A-4E8B-4A53-97FC-C41F72BC966F}.Release|Any CPU.Build.0 = Release|Any CPU
		{BDC5854A-4E8B-4A53-97FC-C41F72BC966F}.Release|x64.ActiveCfg = Release|Any CPU
		{BDC5854A-4E8B-4A53-97FC-C41F72BC966F}.Release|x64.Build.0 = Release|Any CPU
		{BDC5854A-4E8B-4A53-97FC-C41F72BC966F}.Release|x86.ActiveCfg = Release|Any CPU
		{BDC5854A-4E8B-4A53-97FC-C41F72BC966F}.Release|x86.Build.0 = Release|Any CPU
		{FAC5410D-313D-49A9-928F-2693AB65DEF1}.Debug|Any CPU.ActiveCfg = Debug|Any CPU
		{FAC5410D-313D-49A9-928F-2693AB65DEF1}.Debug|Any CPU.Build.0 = Debug|Any CPU
		{FAC5410D-313D-49A9-928F-2693AB65DEF1}.Debug|x64.ActiveCfg = Debug|Any CPU
		{FAC5410D-313D-49A9-928F-2693AB65DEF1}.Debug|x64.Build.0 = Debug|Any CPU
		{FAC5410D-313D-49A9-928F-2693AB65DEF1}.Debug|x86.ActiveCfg = Debug|Any CPU
		{FAC5410D-313D-49A9-928F-2693AB65DEF1}.Debug|x86.Build.0 = Debug|Any CPU
		{FAC5410D-313D-49A9-928F-2693AB65DEF1}.Release|Any CPU.ActiveCfg = Release|Any CPU
		{FAC5410D-313D-49A9-928F-2693AB65DEF1}.Release|Any CPU.Build.0 = Release|Any CPU
		{FAC5410D-313D-49A9-928F-2693AB65DEF1}.Release|x64.ActiveCfg = Release|Any CPU
		{FAC5410D-313D-49A9-928F-2693AB65DEF1}.Release|x64.Build.0 = Release|Any CPU
		{FAC5410D-313D-49A9-928F-2693AB65DEF1}.Release|x86.ActiveCfg = Release|Any CPU
		{FAC5410D-313D-49A9-928F-2693AB65DEF1}.Release|x86.Build.0 = Release|Any CPU
		{02D8702F-710A-4F4E-8449-3DD1893F7BB9}.Debug|Any CPU.ActiveCfg = Debug|Any CPU
		{02D8702F-710A-4F4E-8449-3DD1893F7BB9}.Debug|Any CPU.Build.0 = Debug|Any CPU
		{02D8702F-710A-4F4E-8449-3DD1893F7BB9}.Debug|x64.ActiveCfg = Debug|Any CPU
		{02D8702F-710A-4F4E-8449-3DD1893F7BB9}.Debug|x64.Build.0 = Debug|Any CPU
		{02D8702F-710A-4F4E-8449-3DD1893F7BB9}.Debug|x86.ActiveCfg = Debug|Any CPU
		{02D8702F-710A-4F4E-8449-3DD1893F7BB9}.Debug|x86.Build.0 = Debug|Any CPU
		{02D8702F-710A-4F4E-8449-3DD1893F7BB9}.Release|Any CPU.ActiveCfg = Release|Any CPU
		{02D8702F-710A-4F4E-8449-3DD1893F7BB9}.Release|Any CPU.Build.0 = Release|Any CPU
		{02D8702F-710A-4F4E-8449-3DD1893F7BB9}.Release|x64.ActiveCfg = Release|Any CPU
		{02D8702F-710A-4F4E-8449-3DD1893F7BB9}.Release|x64.Build.0 = Release|Any CPU
		{02D8702F-710A-4F4E-8449-3DD1893F7BB9}.Release|x86.ActiveCfg = Release|Any CPU
		{02D8702F-710A-4F4E-8449-3DD1893F7BB9}.Release|x86.Build.0 = Release|Any CPU
	EndGlobalSection
	GlobalSection(SolutionProperties) = preSolution
		HideSolutionNode = FALSE
	EndGlobalSection
	GlobalSection(ExtensibilityGlobals) = postSolution
		SolutionGuid = {07C22927-DA8E-4A59-8DDF-7710EDF015F0}
	EndGlobalSection
EndGlobal
