
Microsoft Visual Studio Solution File, Format Version 12.00
# Visual Studio Version 18
VisualStudioVersion = 18.5.11723.231
MinimumVisualStudioVersion = 10.0.40219.1
Project("{FAE04EC0-301F-11D3-BF4B-00C04F79EFBC}") = "v1-Apostle's-War", "v1-Apostle's-War.csproj", "{F7A61B80-4012-DFB2-3915-4BF58F70A162}"
EndProject
Project("{FAE04EC0-301F-11D3-BF4B-00C04F79EFBC}") = "GHUtils", "..\GHUtils\GHUtils.csproj", "{BD9D65EB-8AF0-47AE-B09B-1B681091EC3D}"
EndProject
Project("{FAE04EC0-301F-11D3-BF4B-00C04F79EFBC}") = "Tests", "Tests\Tests.csproj", "{9E447BC6-7F89-4AC9-93AA-5F49B049795B}"
EndProject
Global
	GlobalSection(SolutionConfigurationPlatforms) = preSolution
		Debug|Any CPU = Debug|Any CPU
		Debug|x64 = Debug|x64
		Debug|x86 = Debug|x86
		Release|Any CPU = Release|Any CPU
		Release|x64 = Release|x64
		Release|x86 = Release|x86
	EndGlobalSection
	GlobalSection(ProjectConfigurationPlatforms) = postSolution
		{F7A61B80-4012-DFB2-3915-4BF58F70A162}.Debug|Any CPU.ActiveCfg = Debug|Any CPU
		{F7A61B80-4012-DFB2-3915-4BF58F70A162}.Debug|Any CPU.Build.0 = Debug|Any CPU
		{F7A61B80-4012-DFB2-3915-4BF58F70A162}.Debug|x64.ActiveCfg = Debug|Any CPU
		{F7A61B80-4012-DFB2-3915-4BF58F70A162}.Debug|x64.Build.0 = Debug|Any CPU
		{F7A61B80-4012-DFB2-3915-4BF58F70A162}.Debug|x86.ActiveCfg = Debug|Any CPU
		{F7A61B80-4012-DFB2-3915-4BF58F70A162}.Debug|x86.Build.0 = Debug|Any CPU
		{F7A61B80-4012-DFB2-3915-4BF58F70A162}.Release|Any CPU.ActiveCfg = Release|Any CPU
		{F7A61B80-4012-DFB2-3915-4BF58F70A162}.Release|Any CPU.Build.0 = Release|Any CPU
		{F7A61B80-4012-DFB2-3915-4BF58F70A162}.Release|x64.ActiveCfg = Release|Any CPU
		{F7A61B80-4012-DFB2-3915-4BF58F70A162}.Release|x64.Build.0 = Release|Any CPU
		{F7A61B80-4012-DFB2-3915-4BF58F70A162}.Release|x86.ActiveCfg = Release|Any CPU
		{F7A61B80-4012-DFB2-3915-4BF58F70A162}.Release|x86.Build.0 = Release|Any CPU
		{BD9D65EB-8AF0-47AE-B09B-1B681091EC3D}.Debug|Any CPU.ActiveCfg = Debug|Any CPU
		{BD9D65EB-8AF0-47AE-B09B-1B681091EC3D}.Debug|Any CPU.Build.0 = Debug|Any CPU
		{BD9D65EB-8AF0-47AE-B09B-1B681091EC3D}.Debug|x64.ActiveCfg = Debug|Any CPU
		{BD9D65EB-8AF0-47AE-B09B-1B681091EC3D}.Debug|x64.Build.0 = Debug|Any CPU
		{BD9D65EB-8AF0-47AE-B09B-1B681091EC3D}.Debug|x86.ActiveCfg = Debug|Any CPU
		{BD9D65EB-8AF0-47AE-B09B-1B681091EC3D}.Debug|x86.Build.0 = Debug|Any CPU
		{BD9D65EB-8AF0-47AE-B09B-1B681091EC3D}.Release|Any CPU.ActiveCfg = Release|Any CPU
		{BD9D65EB-8AF0-47AE-B09B-1B681091EC3D}.Release|Any CPU.Build.0 = Release|Any CPU
		{BD9D65EB-8AF0-47AE-B09B-1B681091EC3D}.Release|x64.ActiveCfg = Release|Any CPU
		{BD9D65EB-8AF0-47AE-B09B-1B681091EC3D}.Release|x64.Build.0 = Release|Any CPU
		{BD9D65EB-8AF0-47AE-B09B-1B681091EC3D}.Release|x86.ActiveCfg = Release|Any CPU
		{BD9D65EB-8AF0-47AE-B09B-1B681091EC3D}.Release|x86.Build.0 = Release|Any CPU
		{9E447BC6-7F89-4AC9-93AA-5F49B049795B}.Debug|Any CPU.ActiveCfg = Debug|Any CPU
		{9E447BC6-7F89-4AC9-93AA-5F49B049795B}.Debug|Any CPU.Build.0 = Debug|Any CPU
		{9E447BC6-7F89-4AC9-93AA-5F49B049795B}.Debug|x64.ActiveCfg = Debug|Any CPU
		{9E447BC6-7F89-4AC9-93AA-5F49B049795B}.Debug|x64.Build.0 = Debug|Any CPU
		{9E447BC6-7F89-4AC9-93AA-5F49B049795B}.Debug|x86.ActiveCfg = Debug|Any CPU
		{9E447BC6-7F89-4AC9-93AA-5F49B049795B}.Debug|x86.Build.0 = Debug|Any CPU
		{9E447BC6-7F89-4AC9-93AA-5F49B049795B}.Release|Any CPU.ActiveCfg = Release|Any CPU
		{9E447BC6-7F89-4AC9-93AA-5F49B049795B}.Release|Any CPU.Build.0 = Release|Any CPU
		{9E447BC6-7F89-4AC9-93AA-5F49B049795B}.Release|x64.ActiveCfg = Release|Any CPU
		{9E447BC6-7F89-4AC9-93AA-5F49B049795B}.Release|x64.Build.0 = Release|Any CPU
		{9E447BC6-7F89-4AC9-93AA-5F49B049795B}.Release|x86.ActiveCfg = Release|Any CPU
		{9E447BC6-7F89-4AC9-93AA-5F49B049795B}.Release|x86.Build.0 = Release|Any CPU
	EndGlobalSection
	GlobalSection(SolutionProperties) = preSolution
		HideSolutionNode = FALSE
	EndGlobalSection
	GlobalSection(ExtensibilityGlobals) = postSolution
		SolutionGuid = {07C22927-DA8E-4A59-8DDF-7710EDF015F0}
	EndGlobalSection
EndGlobal
